// !$*UTF8*$!
{
	archiveVersion = 1;
	classes = {
	};
	objectVersion = 46;
	objects = {

/* Begin PBXBuildFile section */
		2F62BF7A1F82C57F00EE96FD /* AppDelegate.swift in Sources */ = {isa = PBXBuildFile; fileRef = 2F62BF791F82C57F00EE96FD /* AppDelegate.swift */; };
		2F62BF7C1F82C57F00EE96FD /* TableViewController.swift in Sources */ = {isa = PBXBuildFile; fileRef = 2F62BF7B1F82C57F00EE96FD /* TableViewController.swift */; };
		2F62BF7F1F82C57F00EE96FD /* Main.storyboard in Resources */ = {isa = PBXBuildFile; fileRef = 2F62BF7D1F82C57F00EE96FD /* Main.storyboard */; };
		2F62BF811F82C57F00EE96FD /* Assets.xcassets in Resources */ = {isa = PBXBuildFile; fileRef = 2F62BF801F82C57F00EE96FD /* Assets.xcassets */; };
		2F62BF841F82C57F00EE96FD /* LaunchScreen.storyboard in Resources */ = {isa = PBXBuildFile; fileRef = 2F62BF821F82C57F00EE96FD /* LaunchScreen.storyboard */; };
		2F62BF8C1F82C74A00EE96FD /* FishItem.swift in Sources */ = {isa = PBXBuildFile; fileRef = 2F62BF8B1F82C74A00EE96FD /* FishItem.swift */; };
		2F62BF941F82FF7600EE96FD /* croaker.jpg in Resources */ = {isa = PBXBuildFile; fileRef = 2F62BF931F82FF7600EE96FD /* croaker.jpg */; };
		2F62BF9C1F83165700EE96FD /* goliathGrouper.jpg in Resources */ = {isa = PBXBuildFile; fileRef = 2F62BF9B1F83165700EE96FD /* goliathGrouper.jpg */; };
		2F62BF9E1F83171900EE96FD /* speckledTrout.jpg in Resources */ = {isa = PBXBuildFile; fileRef = 2F62BF9D1F83171900EE96FD /* speckledTrout.jpg */; };
		2F62BFA01F8341F500EE96FD /* grayTrout.jpg in Resources */ = {isa = PBXBuildFile; fileRef = 2F62BF9F1F8341F500EE96FD /* grayTrout.jpg */; };
		2F62BFA21F8342D200EE96FD /* perch.jpg in Resources */ = {isa = PBXBuildFile; fileRef = 2F62BFA11F8342D200EE96FD /* perch.jpg */; };
		2F62BFA41F83437C00EE96FD /* stripedBass.jpg in Resources */ = {isa = PBXBuildFile; fileRef = 2F62BFA31F83437C00EE96FD /* stripedBass.jpg */; };
		2F62BFA61F8343BA00EE96FD /* bluefish.jpg in Resources */ = {isa = PBXBuildFile; fileRef = 2F62BFA51F8343BA00EE96FD /* bluefish.jpg */; };
		2F62BFA81F8343FD00EE96FD /* flounder.jpg in Resources */ = {isa = PBXBuildFile; fileRef = 2F62BFA71F8343FD00EE96FD /* flounder.jpg */; };
		2F62BFAC1F83465900EE96FD /* blackSeaBass.jpg in Resources */ = {isa = PBXBuildFile; fileRef = 2F62BFAB1F83465900EE96FD /* blackSeaBass.jpg */; };
		2F62BFAE1F8347C300EE96FD /* hogfish.jpg in Resources */ = {isa = PBXBuildFile; fileRef = 2F62BFAD1F8347C300EE96FD /* hogfish.jpg */; };
		2F62BFB01F83485400EE96FD /* tautog.jpg in Resources */ = {isa = PBXBuildFile; fileRef = 2F62BFAF1F83485400EE96FD /* tautog.jpg */; };
		2F62BFB21F83492700EE96FD /* sheepshead.jpg in Resources */ = {isa = PBXBuildFile; fileRef = 2F62BFB11F83492700EE96FD /* sheepshead.jpg */; };
		2F62BFB41F83498600EE96FD /* triggerfish.jpg in Resources */ = {isa = PBXBuildFile; fileRef = 2F62BFB31F83498600EE96FD /* triggerfish.jpg */; };
		2F62BFB61F834AD900EE96FD /* sturgeon.jpg in Resources */ = {isa = PBXBuildFile; fileRef = 2F62BFB51F834AD900EE96FD /* sturgeon.jpg */; };
		2F62BFB81F834B7600EE96FD /* bonefish.jpg in Resources */ = {isa = PBXBuildFile; fileRef = 2F62BFB71F834B7600EE96FD /* bonefish.jpg */; };
		2F62BFBA1F83C43B00EE96FD /* snook.jpg in Resources */ = {isa = PBXBuildFile; fileRef = 2F62BFB91F83C43B00EE96FD /* snook.jpg */; };
		2F62BFBC1F83C4D900EE96FD /* redSnapper.jpg in Resources */ = {isa = PBXBuildFile; fileRef = 2F62BFBB1F83C4D900EE96FD /* redSnapper.jpg */; };
		2F62BFBE1F83C52200EE96FD /* dogSnapper.jpg in Resources */ = {isa = PBXBuildFile; fileRef = 2F62BFBD1F83C52200EE96FD /* dogSnapper.jpg */; };
		2F62BFC01F83C58800EE96FD /* barracuda.jpg in Resources */ = {isa = PBXBuildFile; fileRef = 2F62BFBF1F83C58800EE96FD /* barracuda.jpg */; };
		2F62BFC21F83C5F000EE96FD /* tarpon.jpg in Resources */ = {isa = PBXBuildFile; fileRef = 2F62BFC11F83C5F000EE96FD /* tarpon.jpg */; };
		2F62BFC41F83C67E00EE96FD /* tripletail.jpg in Resources */ = {isa = PBXBuildFile; fileRef = 2F62BFC31F83C67E00EE96FD /* tripletail.jpg */; };
		2F62BFC61F83C70400EE96FD /* ladyfish.jpg in Resources */ = {isa = PBXBuildFile; fileRef = 2F62BFC51F83C70400EE96FD /* ladyfish.jpg */; };
		2F62BFC81F83C7AE00EE96FD /* gulfKingfish.jpg in Resources */ = {isa = PBXBuildFile; fileRef = 2F62BFC71F83C7AE00EE96FD /* gulfKingfish.jpg */; };
		2F62BFCA1F83C80000EE96FD /* greaterAmberjack.jpg in Resources */ = {isa = PBXBuildFile; fileRef = 2F62BFC91F83C80000EE96FD /* greaterAmberjack.jpg */; };
		2F62BFCC1F83C84200EE96FD /* bandedRudderfish.jpg in Resources */ = {isa = PBXBuildFile; fileRef = 2F62BFCB1F83C84200EE96FD /* bandedRudderfish.jpg */; };
		2F62BFCE1F83C88600EE96FD /* almacoJack.jpg in Resources */ = {isa = PBXBuildFile; fileRef = 2F62BFCD1F83C88600EE96FD /* almacoJack.jpg */; };
		2F62BFD01F83C8C400EE96FD /* crevalleJack.jpg in Resources */ = {isa = PBXBuildFile; fileRef = 2F62BFCF1F83C8C400EE96FD /* crevalleJack.jpg */; };
		2F62BFD21F83C90600EE96FD /* blueRunner.jpg in Resources */ = {isa = PBXBuildFile; fileRef = 2F62BFD11F83C90600EE96FD /* blueRunner.jpg */; };
		2F62BFD41F83C99500EE96FD /* pompano.jpg in Resources */ = {isa = PBXBuildFile; fileRef = 2F62BFD31F83C99500EE96FD /* pompano.jpg */; };
		2F62BFD61F83C9D200EE96FD /* blueMarlin.jpg in Resources */ = {isa = PBXBuildFile; fileRef = 2F62BFD51F83C9D200EE96FD /* blueMarlin.jpg */; };
		2F62BFD81F83CA2E00EE96FD /* whiteMarlin.jpg in Resources */ = {isa = PBXBuildFile; fileRef = 2F62BFD71F83CA2E00EE96FD /* whiteMarlin.jpg */; };
		2F62BFDA1F83CA8D00EE96FD /* mahiMahi.jpg in Resources */ = {isa = PBXBuildFile; fileRef = 2F62BFD91F83CA8D00EE96FD /* mahiMahi.jpg */; };
		2F62BFDC1F83CAF100EE96FD /* wahoo.jpg in Resources */ = {isa = PBXBuildFile; fileRef = 2F62BFDB1F83CAF100EE96FD /* wahoo.jpg */; };
		2F62BFDE1F83CB6000EE96FD /* kingMackerel.jpg in Resources */ = {isa = PBXBuildFile; fileRef = 2F62BFDD1F83CB6000EE96FD /* kingMackerel.jpg */; };
		2F62BFE01F83CB9D00EE96FD /* spanishMackerel.jpg in Resources */ = {isa = PBXBuildFile; fileRef = 2F62BFDF1F83CB9D00EE96FD /* spanishMackerel.jpg */; };
		2F62BFE21F83CBD700EE96FD /* ceroMackerel.jpg in Resources */ = {isa = PBXBuildFile; fileRef = 2F62BFE11F83CBD700EE96FD /* ceroMackerel.jpg */; };
		2F62BFE41F83CCF600EE96FD /* falseAlbacore.jpg in Resources */ = {isa = PBXBuildFile; fileRef = 2F62BFE31F83CCF600EE96FD /* falseAlbacore.jpg */; };
		2F62BFE61F83CD3B00EE96FD /* bluefinTuna.jpg in Resources */ = {isa = PBXBuildFile; fileRef = 2F62BFE51F83CD3B00EE96FD /* bluefinTuna.jpg */; };
		2F62BFE81F83CE0D00EE96FD /* atlanticBonito.jpg in Resources */ = {isa = PBXBuildFile; fileRef = 2F62BFE71F83CE0D00EE96FD /* atlanticBonito.jpg */; };
		2F62BFEA1F83CEBF00EE96FD /* skipjackTuna.jpg in Resources */ = {isa = PBXBuildFile; fileRef = 2F62BFE91F83CEBF00EE96FD /* skipjackTuna.jpg */; };
		2F62BFEC1F83CF0400EE96FD /* yellowfinTuna.jpg in Resources */ = {isa = PBXBuildFile; fileRef = 2F62BFEB1F83CF0400EE96FD /* yellowfinTuna.jpg */; };
		2F62BFEE1F83CF7700EE96FD /* bigeyeTuna.jpg in Resources */ = {isa = PBXBuildFile; fileRef = 2F62BFED1F83CF7700EE96FD /* bigeyeTuna.jpg */; };
		2F62BFF01F83CFB800EE96FD /* albacore.jpg in Resources */ = {isa = PBXBuildFile; fileRef = 2F62BFEF1F83CFB800EE96FD /* albacore.jpg */; };
		2F62BFF21F83CFFC00EE96FD /* sandbarShark.jpg in Resources */ = {isa = PBXBuildFile; fileRef = 2F62BFF11F83CFFC00EE96FD /* sandbarShark.jpg */; };
		2F62BFF41F83D06000EE96FD /* blacktipShark.jpg in Resources */ = {isa = PBXBuildFile; fileRef = 2F62BFF31F83D06000EE96FD /* blacktipShark.jpg */; };
		2F62BFF61F83D1CE00EE96FD /* permit.jpg in Resources */ = {isa = PBXBuildFile; fileRef = 2F62BFF51F83D1CE00EE96FD /* permit.jpg */; };
		2F62BFF81F83D23C00EE96FD /* whiteGrunt.jpg in Resources */ = {isa = PBXBuildFile; fileRef = 2F62BFF71F83D23C00EE96FD /* whiteGrunt.jpg */; };
		2F62BFFB1F83D7EF00EE96FD /* blackDrum.jpg in Resources */ = {isa = PBXBuildFile; fileRef = 2F62BFFA1F83D7EF00EE96FD /* blackDrum.jpg */; };
		2F62BFFD1F83D80300EE96FD /* redDrum.jpg in Resources */ = {isa = PBXBuildFile; fileRef = 2F62BFFC1F83D80300EE96FD /* redDrum.jpg */; };
		2F62C0011F83D88F00EE96FD /* cobia.jpg in Resources */ = {isa = PBXBuildFile; fileRef = 2F62C0001F83D88F00EE96FD /* cobia.jpg */; };
/* End PBXBuildFile section */

/* Begin PBXFileReference section */
		2F62BF761F82C57F00EE96FD /* fishList.app */ = {isa = PBXFileReference; explicitFileType = wrapper.application; includeInIndex = 0; path = fishList.app; sourceTree = BUILT_PRODUCTS_DIR; };
		2F62BF791F82C57F00EE96FD /* AppDelegate.swift */ = {isa = PBXFileReference; lastKnownFileType = sourcecode.swift; path = AppDelegate.swift; sourceTree = "<group>"; };
		2F62BF7B1F82C57F00EE96FD /* TableViewController.swift */ = {isa = PBXFileReference; lastKnownFileType = sourcecode.swift; path = TableViewController.swift; sourceTree = "<group>"; };
		2F62BF7E1F82C57F00EE96FD /* Base */ = {isa = PBXFileReference; lastKnownFileType = file.storyboard; name = Base; path = Base.lproj/Main.storyboard; sourceTree = "<group>"; };
		2F62BF801F82C57F00EE96FD /* Assets.xcassets */ = {isa = PBXFileReference; lastKnownFileType = folder.assetcatalog; path = Assets.xcassets; sourceTree = "<group>"; };
		2F62BF831F82C57F00EE96FD /* Base */ = {isa = PBXFileReference; lastKnownFileType = file.storyboard; name = Base; path = Base.lproj/LaunchScreen.storyboard; sourceTree = "<group>"; };
		2F62BF851F82C57F00EE96FD /* Info.plist */ = {isa = PBXFileReference; lastKnownFileType = text.plist.xml; path = Info.plist; sourceTree = "<group>"; };
		2F62BF8B1F82C74A00EE96FD /* FishItem.swift */ = {isa = PBXFileReference; fileEncoding = 4; lastKnownFileType = sourcecode.swift; path = FishItem.swift; sourceTree = "<group>"; };
		2F62BF931F82FF7600EE96FD /* croaker.jpg */ = {isa = PBXFileReference; lastKnownFileType = image.jpeg; name = croaker.jpg; path = ../../croaker.jpg; sourceTree = "<group>"; };
		2F62BF9B1F83165700EE96FD /* goliathGrouper.jpg */ = {isa = PBXFileReference; lastKnownFileType = image.jpeg; name = goliathGrouper.jpg; path = ../../goliathGrouper.jpg; sourceTree = "<group>"; };
		2F62BF9D1F83171900EE96FD /* speckledTrout.jpg */ = {isa = PBXFileReference; lastKnownFileType = image.jpeg; name = speckledTrout.jpg; path = ../../speckledTrout.jpg; sourceTree = "<group>"; };
		2F62BF9F1F8341F500EE96FD /* grayTrout.jpg */ = {isa = PBXFileReference; lastKnownFileType = image.jpeg; name = grayTrout.jpg; path = ../../grayTrout.jpg; sourceTree = "<group>"; };
		2F62BFA11F8342D200EE96FD /* perch.jpg */ = {isa = PBXFileReference; lastKnownFileType = image.jpeg; name = perch.jpg; path = ../../perch.jpg; sourceTree = "<group>"; };
		2F62BFA31F83437C00EE96FD /* stripedBass.jpg */ = {isa = PBXFileReference; lastKnownFileType = image.jpeg; name = stripedBass.jpg; path = ../../stripedBass.jpg; sourceTree = "<group>"; };
		2F62BFA51F8343BA00EE96FD /* bluefish.jpg */ = {isa = PBXFileReference; lastKnownFileType = image.jpeg; name = bluefish.jpg; path = ../../bluefish.jpg; sourceTree = "<group>"; };
		2F62BFA71F8343FD00EE96FD /* flounder.jpg */ = {isa = PBXFileReference; lastKnownFileType = image.jpeg; name = flounder.jpg; path = ../../flounder.jpg; sourceTree = "<group>"; };
		2F62BFAB1F83465900EE96FD /* blackSeaBass.jpg */ = {isa = PBXFileReference; lastKnownFileType = image.jpeg; name = blackSeaBass.jpg; path = ../../blackSeaBass.jpg; sourceTree = "<group>"; };
		2F62BFAD1F8347C300EE96FD /* hogfish.jpg */ = {isa = PBXFileReference; lastKnownFileType = image.jpeg; name = hogfish.jpg; path = ../../hogfish.jpg; sourceTree = "<group>"; };
		2F62BFAF1F83485400EE96FD /* tautog.jpg */ = {isa = PBXFileReference; lastKnownFileType = image.jpeg; name = tautog.jpg; path = ../../tautog.jpg; sourceTree = "<group>"; };
		2F62BFB11F83492700EE96FD /* sheepshead.jpg */ = {isa = PBXFileReference; lastKnownFileType = image.jpeg; name = sheepshead.jpg; path = ../../sheepshead.jpg; sourceTree = "<group>"; };
		2F62BFB31F83498600EE96FD /* triggerfish.jpg */ = {isa = PBXFileReference; lastKnownFileType = image.jpeg; name = triggerfish.jpg; path = ../../triggerfish.jpg; sourceTree = "<group>"; };
		2F62BFB51F834AD900EE96FD /* sturgeon.jpg */ = {isa = PBXFileReference; lastKnownFileType = image.jpeg; name = sturgeon.jpg; path = ../../sturgeon.jpg; sourceTree = "<group>"; };
		2F62BFB71F834B7600EE96FD /* bonefish.jpg */ = {isa = PBXFileReference; lastKnownFileType = image.jpeg; name = bonefish.jpg; path = ../../bonefish.jpg; sourceTree = "<group>"; };
		2F62BFB91F83C43B00EE96FD /* snook.jpg */ = {isa = PBXFileReference; lastKnownFileType = image.jpeg; name = snook.jpg; path = ../../snook.jpg; sourceTree = "<group>"; };
		2F62BFBB1F83C4D900EE96FD /* redSnapper.jpg */ = {isa = PBXFileReference; lastKnownFileType = image.jpeg; name = redSnapper.jpg; path = ../../redSnapper.jpg; sourceTree = "<group>"; };
		2F62BFBD1F83C52200EE96FD /* dogSnapper.jpg */ = {isa = PBXFileReference; lastKnownFileType = image.jpeg; name = dogSnapper.jpg; path = ../../dogSnapper.jpg; sourceTree = "<group>"; };
		2F62BFBF1F83C58800EE96FD /* barracuda.jpg */ = {isa = PBXFileReference; lastKnownFileType = image.jpeg; name = barracuda.jpg; path = ../../barracuda.jpg; sourceTree = "<group>"; };
		2F62BFC11F83C5F000EE96FD /* tarpon.jpg */ = {isa = PBXFileReference; lastKnownFileType = image.jpeg; name = tarpon.jpg; path = ../../tarpon.jpg; sourceTree = "<group>"; };
		2F62BFC31F83C67E00EE96FD /* tripletail.jpg */ = {isa = PBXFileReference; lastKnownFileType = image.jpeg; name = tripletail.jpg; path = ../../tripletail.jpg; sourceTree = "<group>"; };
		2F62BFC51F83C70400EE96FD /* ladyfish.jpg */ = {isa = PBXFileReference; lastKnownFileType = image.jpeg; name = ladyfish.jpg; path = ../../ladyfish.jpg; sourceTree = "<group>"; };
		2F62BFC71F83C7AE00EE96FD /* gulfKingfish.jpg */ = {isa = PBXFileReference; lastKnownFileType = image.jpeg; name = gulfKingfish.jpg; path = ../../gulfKingfish.jpg; sourceTree = "<group>"; };
		2F62BFC91F83C80000EE96FD /* greaterAmberjack.jpg */ = {isa = PBXFileReference; lastKnownFileType = image.jpeg; name = greaterAmberjack.jpg; path = ../../greaterAmberjack.jpg; sourceTree = "<group>"; };
		2F62BFCB1F83C84200EE96FD /* bandedRudderfish.jpg */ = {isa = PBXFileReference; lastKnownFileType = image.jpeg; name = bandedRudderfish.jpg; path = ../../bandedRudderfish.jpg; sourceTree = "<group>"; };
		2F62BFCD1F83C88600EE96FD /* almacoJack.jpg */ = {isa = PBXFileReference; lastKnownFileType = image.jpeg; name = almacoJack.jpg; path = ../../almacoJack.jpg; sourceTree = "<group>"; };
		2F62BFCF1F83C8C400EE96FD /* crevalleJack.jpg */ = {isa = PBXFileReference; lastKnownFileType = image.jpeg; name = crevalleJack.jpg; path = ../../crevalleJack.jpg; sourceTree = "<group>"; };
		2F62BFD11F83C90600EE96FD /* blueRunner.jpg */ = {isa = PBXFileReference; lastKnownFileType = image.jpeg; name = blueRunner.jpg; path = ../../blueRunner.jpg; sourceTree = "<group>"; };
		2F62BFD31F83C99500EE96FD /* pompano.jpg */ = {isa = PBXFileReference; lastKnownFileType = image.jpeg; name = pompano.jpg; path = ../../pompano.jpg; sourceTree = "<group>"; };
		2F62BFD51F83C9D200EE96FD /* blueMarlin.jpg */ = {isa = PBXFileReference; lastKnownFileType = image.jpeg; name = blueMarlin.jpg; path = ../../blueMarlin.jpg; sourceTree = "<group>"; };
		2F62BFD71F83CA2E00EE96FD /* whiteMarlin.jpg */ = {isa = PBXFileReference; lastKnownFileType = image.jpeg; name = whiteMarlin.jpg; path = ../../whiteMarlin.jpg; sourceTree = "<group>"; };
		2F62BFD91F83CA8D00EE96FD /* mahiMahi.jpg */ = {isa = PBXFileReference; lastKnownFileType = image.jpeg; name = mahiMahi.jpg; path = ../../mahiMahi.jpg; sourceTree = "<group>"; };
		2F62BFDB1F83CAF100EE96FD /* wahoo.jpg */ = {isa = PBXFileReference; lastKnownFileType = image.jpeg; name = wahoo.jpg; path = ../../wahoo.jpg; sourceTree = "<group>"; };
		2F62BFDD1F83CB6000EE96FD /* kingMackerel.jpg */ = {isa = PBXFileReference; lastKnownFileType = image.jpeg; name = kingMackerel.jpg; path = ../../kingMackerel.jpg; sourceTree = "<group>"; };
		2F62BFDF1F83CB9D00EE96FD /* spanishMackerel.jpg */ = {isa = PBXFileReference; lastKnownFileType = image.jpeg; name = spanishMackerel.jpg; path = ../../spanishMackerel.jpg; sourceTree = "<group>"; };
		2F62BFE11F83CBD700EE96FD /* ceroMackerel.jpg */ = {isa = PBXFileReference; lastKnownFileType = image.jpeg; name = ceroMackerel.jpg; path = ../../ceroMackerel.jpg; sourceTree = "<group>"; };
		2F62BFE31F83CCF600EE96FD /* falseAlbacore.jpg */ = {isa = PBXFileReference; lastKnownFileType = image.jpeg; name = falseAlbacore.jpg; path = ../../falseAlbacore.jpg; sourceTree = "<group>"; };
		2F62BFE51F83CD3B00EE96FD /* bluefinTuna.jpg */ = {isa = PBXFileReference; lastKnownFileType = image.jpeg; name = bluefinTuna.jpg; path = ../../bluefinTuna.jpg; sourceTree = "<group>"; };
		2F62BFE71F83CE0D00EE96FD /* atlanticBonito.jpg */ = {isa = PBXFileReference; lastKnownFileType = image.jpeg; name = atlanticBonito.jpg; path = ../../atlanticBonito.jpg; sourceTree = "<group>"; };
		2F62BFE91F83CEBF00EE96FD /* skipjackTuna.jpg */ = {isa = PBXFileReference; lastKnownFileType = image.jpeg; name = skipjackTuna.jpg; path = ../../skipjackTuna.jpg; sourceTree = "<group>"; };
		2F62BFEB1F83CF0400EE96FD /* yellowfinTuna.jpg */ = {isa = PBXFileReference; lastKnownFileType = image.jpeg; name = yellowfinTuna.jpg; path = ../../yellowfinTuna.jpg; sourceTree = "<group>"; };
		2F62BFED1F83CF7700EE96FD /* bigeyeTuna.jpg */ = {isa = PBXFileReference; lastKnownFileType = image.jpeg; name = bigeyeTuna.jpg; path = ../../bigeyeTuna.jpg; sourceTree = "<group>"; };
		2F62BFEF1F83CFB800EE96FD /* albacore.jpg */ = {isa = PBXFileReference; lastKnownFileType = image.jpeg; name = albacore.jpg; path = ../../albacore.jpg; sourceTree = "<group>"; };
		2F62BFF11F83CFFC00EE96FD /* sandbarShark.jpg */ = {isa = PBXFileReference; lastKnownFileType = image.jpeg; name = sandbarShark.jpg; path = ../../sandbarShark.jpg; sourceTree = "<group>"; };
		2F62BFF31F83D06000EE96FD /* blacktipShark.jpg */ = {isa = PBXFileReference; lastKnownFileType = image.jpeg; name = blacktipShark.jpg; path = ../../blacktipShark.jpg; sourceTree = "<group>"; };
		2F62BFF51F83D1CE00EE96FD /* permit.jpg */ = {isa = PBXFileReference; lastKnownFileType = image.jpeg; name = permit.jpg; path = ../../permit.jpg; sourceTree = "<group>"; };
		2F62BFF71F83D23C00EE96FD /* whiteGrunt.jpg */ = {isa = PBXFileReference; lastKnownFileType = image.jpeg; name = whiteGrunt.jpg; path = ../../whiteGrunt.jpg; sourceTree = "<group>"; };
		2F62BFFA1F83D7EF00EE96FD /* blackDrum.jpg */ = {isa = PBXFileReference; lastKnownFileType = image.jpeg; name = blackDrum.jpg; path = ../../blackDrum.jpg; sourceTree = "<group>"; };
		2F62BFFC1F83D80300EE96FD /* redDrum.jpg */ = {isa = PBXFileReference; lastKnownFileType = image.jpeg; name = redDrum.jpg; path = ../../redDrum.jpg; sourceTree = "<group>"; };
		2F62C0001F83D88F00EE96FD /* cobia.jpg */ = {isa = PBXFileReference; lastKnownFileType = image.jpeg; name = cobia.jpg; path = ../../cobia.jpg; sourceTree = "<group>"; };
/* End PBXFileReference section */

/* Begin PBXFrameworksBuildPhase section */
		2F62BF731F82C57F00EE96FD /* Frameworks */ = {
			isa = PBXFrameworksBuildPhase;
			buildActionMask = 2147483647;
			files = (
			);
			runOnlyForDeploymentPostprocessing = 0;
		};
/* End PBXFrameworksBuildPhase section */

/* Begin PBXGroup section */
		2F62BF6D1F82C57F00EE96FD = {
			isa = PBXGroup;
			children = (
				2F62BF781F82C57F00EE96FD /* fishList */,
				2F62BF771F82C57F00EE96FD /* Products */,
			);
			sourceTree = "<group>";
		};
		2F62BF771F82C57F00EE96FD /* Products */ = {
			isa = PBXGroup;
			children = (
				2F62BF761F82C57F00EE96FD /* fishList.app */,
			);
			name = Products;
			sourceTree = "<group>";
		};
		2F62BF781F82C57F00EE96FD /* fishList */ = {
			isa = PBXGroup;
			children = (
				2F62BF791F82C57F00EE96FD /* AppDelegate.swift */,
				2F62BF7B1F82C57F00EE96FD /* TableViewController.swift */,
				2F62BF8B1F82C74A00EE96FD /* FishItem.swift */,
				2F62BF7D1F82C57F00EE96FD /* Main.storyboard */,
				2F62BF801F82C57F00EE96FD /* Assets.xcassets */,
				2F62BF821F82C57F00EE96FD /* LaunchScreen.storyboard */,
				2F62BF851F82C57F00EE96FD /* Info.plist */,
				2F62BFF91F83D26800EE96FD /* fishImages */,
			);
			path = fishList;
			sourceTree = "<group>";
		};
		2F62BFF91F83D26800EE96FD /* fishImages */ = {
			isa = PBXGroup;
			children = (
				2F62BF9B1F83165700EE96FD /* goliathGrouper.jpg */,
				2F62BF931F82FF7600EE96FD /* croaker.jpg */,
				2F62BF9F1F8341F500EE96FD /* grayTrout.jpg */,
				2F62BFFA1F83D7EF00EE96FD /* blackDrum.jpg */,
				2F62BFFC1F83D80300EE96FD /* redDrum.jpg */,
				2F62BFA11F8342D200EE96FD /* perch.jpg */,
				2F62BFA31F83437C00EE96FD /* stripedBass.jpg */,
				2F62BFA51F8343BA00EE96FD /* bluefish.jpg */,
				2F62BFA71F8343FD00EE96FD /* flounder.jpg */,
				2F62C0001F83D88F00EE96FD /* cobia.jpg */,
				2F62BFAB1F83465900EE96FD /* blackSeaBass.jpg */,
				2F62BF9D1F83171900EE96FD /* speckledTrout.jpg */,
				2F62BFAF1F83485400EE96FD /* tautog.jpg */,
				2F62BFB11F83492700EE96FD /* sheepshead.jpg */,
				2F62BFB31F83498600EE96FD /* triggerfish.jpg */,
				2F62BFB51F834AD900EE96FD /* sturgeon.jpg */,
				2F62BFB71F834B7600EE96FD /* bonefish.jpg */,
				2F62BFB91F83C43B00EE96FD /* snook.jpg */,
				2F62BFBB1F83C4D900EE96FD /* redSnapper.jpg */,
				2F62BFBD1F83C52200EE96FD /* dogSnapper.jpg */,
				2F62BFBF1F83C58800EE96FD /* barracuda.jpg */,
				2F62BFC11F83C5F000EE96FD /* tarpon.jpg */,
				2F62BFC31F83C67E00EE96FD /* tripletail.jpg */,
				2F62BFC51F83C70400EE96FD /* ladyfish.jpg */,
				2F62BFC71F83C7AE00EE96FD /* gulfKingfish.jpg */,
				2F62BFC91F83C80000EE96FD /* greaterAmberjack.jpg */,
				2F62BFAD1F8347C300EE96FD /* hogfish.jpg */,
				2F62BFCD1F83C88600EE96FD /* almacoJack.jpg */,
				2F62BFCF1F83C8C400EE96FD /* crevalleJack.jpg */,
				2F62BFD11F83C90600EE96FD /* blueRunner.jpg */,
				2F62BFD31F83C99500EE96FD /* pompano.jpg */,
				2F62BFD51F83C9D200EE96FD /* blueMarlin.jpg */,
				2F62BFD71F83CA2E00EE96FD /* whiteMarlin.jpg */,
				2F62BFD91F83CA8D00EE96FD /* mahiMahi.jpg */,
				2F62BFDB1F83CAF100EE96FD /* wahoo.jpg */,
				2F62BFDD1F83CB6000EE96FD /* kingMackerel.jpg */,
				2F62BFDF1F83CB9D00EE96FD /* spanishMackerel.jpg */,
				2F62BFE11F83CBD700EE96FD /* ceroMackerel.jpg */,
				2F62BFE31F83CCF600EE96FD /* falseAlbacore.jpg */,
				2F62BFE51F83CD3B00EE96FD /* bluefinTuna.jpg */,
				2F62BFE71F83CE0D00EE96FD /* atlanticBonito.jpg */,
				2F62BFE91F83CEBF00EE96FD /* skipjackTuna.jpg */,
				2F62BFEB1F83CF0400EE96FD /* yellowfinTuna.jpg */,
				2F62BFED1F83CF7700EE96FD /* bigeyeTuna.jpg */,
				2F62BFEF1F83CFB800EE96FD /* albacore.jpg */,
				2F62BFF31F83D06000EE96FD /* blacktipShark.jpg */,
				2F62BFF11F83CFFC00EE96FD /* sandbarShark.jpg */,
				2F62BFF71F83D23C00EE96FD /* whiteGrunt.jpg */,
				2F62BFF51F83D1CE00EE96FD /* permit.jpg */,
				2F62BFCB1F83C84200EE96FD /* bandedRudderfish.jpg */,
			);
			name = fishImages;
			sourceTree = "<group>";
		};
/* End PBXGroup section */

/* Begin PBXNativeTarget section */
		2F62BF751F82C57F00EE96FD /* fishList */ = {
			isa = PBXNativeTarget;
			buildConfigurationList = 2F62BF881F82C57F00EE96FD /* Build configuration list for PBXNativeTarget "fishList" */;
			buildPhases = (
				2F62BF721F82C57F00EE96FD /* Sources */,
				2F62BF731F82C57F00EE96FD /* Frameworks */,
				2F62BF741F82C57F00EE96FD /* Resources */,
			);
			buildRules = (
			);
			dependencies = (
			);
			name = fishList;
			productName = fishList;
			productReference = 2F62BF761F82C57F00EE96FD /* fishList.app */;
			productType = "com.apple.product-type.application";
		};
/* End PBXNativeTarget section */

/* Begin PBXProject section */
		2F62BF6E1F82C57F00EE96FD /* Project object */ = {
			isa = PBXProject;
			attributes = {
				LastSwiftUpdateCheck = 0830;
				LastUpgradeCheck = 0830;
				ORGANIZATIONNAME = "Tyler Knight";
				TargetAttributes = {
					2F62BF751F82C57F00EE96FD = {
						CreatedOnToolsVersion = 8.3.3;
						ProvisioningStyle = Automatic;
					};
				};
			};
			buildConfigurationList = 2F62BF711F82C57F00EE96FD /* Build configuration list for PBXProject "fishList" */;
			compatibilityVersion = "Xcode 3.2";
			developmentRegion = English;
			hasScannedForEncodings = 0;
			knownRegions = (
				en,
				Base,
			);
			mainGroup = 2F62BF6D1F82C57F00EE96FD;
			productRefGroup = 2F62BF771F82C57F00EE96FD /* Products */;
			projectDirPath = "";
			projectRoot = "";
			targets = (
				2F62BF751F82C57F00EE96FD /* fishList */,
			);
		};
/* End PBXProject section */

/* Begin PBXResourcesBuildPhase section */
		2F62BF741F82C57F00EE96FD /* Resources */ = {
			isa = PBXResourcesBuildPhase;
			buildActionMask = 2147483647;
			files = (
				2F62BFC81F83C7AE00EE96FD /* gulfKingfish.jpg in Resources */,
				2F62BFFD1F83D80300EE96FD /* redDrum.jpg in Resources */,
				2F62BF841F82C57F00EE96FD /* LaunchScreen.storyboard in Resources */,
				2F62BFF41F83D06000EE96FD /* blacktipShark.jpg in Resources */,
				2F62BFB41F83498600EE96FD /* triggerfish.jpg in Resources */,
				2F62BFBC1F83C4D900EE96FD /* redSnapper.jpg in Resources */,
				2F62BF941F82FF7600EE96FD /* croaker.jpg in Resources */,
				2F62BFA41F83437C00EE96FD /* stripedBass.jpg in Resources */,
				2F62BFCC1F83C84200EE96FD /* bandedRudderfish.jpg in Resources */,
				2F62BFD61F83C9D200EE96FD /* blueMarlin.jpg in Resources */,
				2F62BF9E1F83171900EE96FD /* speckledTrout.jpg in Resources */,
				2F62BFEC1F83CF0400EE96FD /* yellowfinTuna.jpg in Resources */,
				2F62BFF21F83CFFC00EE96FD /* sandbarShark.jpg in Resources */,
				2F62BFA61F8343BA00EE96FD /* bluefish.jpg in Resources */,
				2F62BFC21F83C5F000EE96FD /* tarpon.jpg in Resources */,
				2F62BFD21F83C90600EE96FD /* blueRunner.jpg in Resources */,
				2F62BFEA1F83CEBF00EE96FD /* skipjackTuna.jpg in Resources */,
				2F62BFDC1F83CAF100EE96FD /* wahoo.jpg in Resources */,
				2F62BFC01F83C58800EE96FD /* barracuda.jpg in Resources */,
				2F62BFCA1F83C80000EE96FD /* greaterAmberjack.jpg in Resources */,
				2F62BFAE1F8347C300EE96FD /* hogfish.jpg in Resources */,
				2F62BFB81F834B7600EE96FD /* bonefish.jpg in Resources */,
				2F62BFF61F83D1CE00EE96FD /* permit.jpg in Resources */,
				2F62BFA01F8341F500EE96FD /* grayTrout.jpg in Resources */,
				2F62BFD01F83C8C400EE96FD /* crevalleJack.jpg in Resources */,
				2F62BFA21F8342D200EE96FD /* perch.jpg in Resources */,
				2F62BF811F82C57F00EE96FD /* Assets.xcassets in Resources */,
				2F62BFE41F83CCF600EE96FD /* falseAlbacore.jpg in Resources */,
				2F62BFD41F83C99500EE96FD /* pompano.jpg in Resources */,
				2F62BFF01F83CFB800EE96FD /* albacore.jpg in Resources */,
				2F62BFE61F83CD3B00EE96FD /* bluefinTuna.jpg in Resources */,
				2F62BFB61F834AD900EE96FD /* sturgeon.jpg in Resources */,
				2F62BFE81F83CE0D00EE96FD /* atlanticBonito.jpg in Resources */,
				2F62BFBA1F83C43B00EE96FD /* snook.jpg in Resources */,
				2F62BFEE1F83CF7700EE96FD /* bigeyeTuna.jpg in Resources */,
				2F62BFD81F83CA2E00EE96FD /* whiteMarlin.jpg in Resources */,
				2F62BFF81F83D23C00EE96FD /* whiteGrunt.jpg in Resources */,
				2F62BFDE1F83CB6000EE96FD /* kingMackerel.jpg in Resources */,
				2F62BFB21F83492700EE96FD /* sheepshead.jpg in Resources */,
				2F62BFA81F8343FD00EE96FD /* flounder.jpg in Resources */,
				2F62BFB01F83485400EE96FD /* tautog.jpg in Resources */,
				2F62BFAC1F83465900EE96FD /* blackSeaBass.jpg in Resources */,
				2F62BFDA1F83CA8D00EE96FD /* mahiMahi.jpg in Resources */,
				2F62C0011F83D88F00EE96FD /* cobia.jpg in Resources */,
				2F62BFBE1F83C52200EE96FD /* dogSnapper.jpg in Resources */,
				2F62BF9C1F83165700EE96FD /* goliathGrouper.jpg in Resources */,
				2F62BFE01F83CB9D00EE96FD /* spanishMackerel.jpg in Resources */,
				2F62BFC61F83C70400EE96FD /* ladyfish.jpg in Resources */,
				2F62BFCE1F83C88600EE96FD /* almacoJack.jpg in Resources */,
				2F62BF7F1F82C57F00EE96FD /* Main.storyboard in Resources */,
				2F62BFFB1F83D7EF00EE96FD /* blackDrum.jpg in Resources */,
				2F62BFE21F83CBD700EE96FD /* ceroMackerel.jpg in Resources */,
				2F62BFC41F83C67E00EE96FD /* tripletail.jpg in Resources */,
			);
			runOnlyForDeploymentPostprocessing = 0;
		};
/* End PBXResourcesBuildPhase section */

/* Begin PBXSourcesBuildPhase section */
		2F62BF721F82C57F00EE96FD /* Sources */ = {
			isa = PBXSourcesBuildPhase;
			buildActionMask = 2147483647;
			files = (
				2F62BF8C1F82C74A00EE96FD /* FishItem.swift in Sources */,
				2F62BF7C1F82C57F00EE96FD /* TableViewController.swift in Sources */,
				2F62BF7A1F82C57F00EE96FD /* AppDelegate.swift in Sources */,
			);
			runOnlyForDeploymentPostprocessing = 0;
		};
/* End PBXSourcesBuildPhase section */

/* Begin PBXVariantGroup section */
		2F62BF7D1F82C57F00EE96FD /* Main.storyboard */ = {
			isa = PBXVariantGroup;
			children = (
				2F62BF7E1F82C57F00EE96FD /* Base */,
			);
			name = Main.storyboard;
			sourceTree = "<group>";
		};
		2F62BF821F82C57F00EE96FD /* LaunchScreen.storyboard */ = {
			isa = PBXVariantGroup;
			children = (
				2F62BF831F82C57F00EE96FD /* Base */,
			);
			name = LaunchScreen.storyboard;
			sourceTree = "<group>";
		};
/* End PBXVariantGroup section */

/* Begin XCBuildConfiguration section */
		2F62BF861F82C57F00EE96FD /* Debug */ = {
			isa = XCBuildConfiguration;
			buildSettings = {
				ALWAYS_SEARCH_USER_PATHS = NO;
				CLANG_ANALYZER_NONNULL = YES;
				CLANG_ANALYZER_NUMBER_OBJECT_CONVERSION = YES_AGGRESSIVE;
				CLANG_CXX_LANGUAGE_STANDARD = "gnu++0x";
				CLANG_CXX_LIBRARY = "libc++";
				CLANG_ENABLE_MODULES = YES;
				CLANG_ENABLE_OBJC_ARC = YES;
				CLANG_WARN_BOOL_CONVERSION = YES;
				CLANG_WARN_CONSTANT_CONVERSION = YES;
				CLANG_WARN_DIRECT_OBJC_ISA_USAGE = YES_ERROR;
				CLANG_WARN_DOCUMENTATION_COMMENTS = YES;
				CLANG_WARN_EMPTY_BODY = YES;
				CLANG_WARN_ENUM_CONVERSION = YES;
				CLANG_WARN_INFINITE_RECURSION = YES;
				CLANG_WARN_INT_CONVERSION = YES;
				CLANG_WARN_OBJC_ROOT_CLASS = YES_ERROR;
				CLANG_WARN_SUSPICIOUS_MOVE = YES;
				CLANG_WARN_UNREACHABLE_CODE = YES;
				CLANG_WARN__DUPLICATE_METHOD_MATCH = YES;
				"CODE_SIGN_IDENTITY[sdk=iphoneos*]" = "iPhone Developer";
				COPY_PHASE_STRIP = NO;
				DEBUG_INFORMATION_FORMAT = dwarf;
				ENABLE_STRICT_OBJC_MSGSEND = YES;
				ENABLE_TESTABILITY = YES;
				GCC_C_LANGUAGE_STANDARD = gnu99;
				GCC_DYNAMIC_NO_PIC = NO;
				GCC_NO_COMMON_BLOCKS = YES;
				GCC_OPTIMIZATION_LEVEL = 0;
				GCC_PREPROCESSOR_DEFINITIONS = (
					"DEBUG=1",
					"$(inherited)",
				);
				GCC_WARN_64_TO_32_BIT_CONVERSION = YES;
				GCC_WARN_ABOUT_RETURN_TYPE = YES_ERROR;
				GCC_WARN_UNDECLARED_SELECTOR = YES;
				GCC_WARN_UNINITIALIZED_AUTOS = YES_AGGRESSIVE;
				GCC_WARN_UNUSED_FUNCTION = YES;
				GCC_WARN_UNUSED_VARIABLE = YES;
				IPHONEOS_DEPLOYMENT_TARGET = 10.3;
				MTL_ENABLE_DEBUG_INFO = YES;
				ONLY_ACTIVE_ARCH = YES;
				SDKROOT = iphoneos;
				SWIFT_ACTIVE_COMPILATION_CONDITIONS = DEBUG;
				SWIFT_OPTIMIZATION_LEVEL = "-Onone";
				TARGETED_DEVICE_FAMILY = "1,2";
			};
			name = Debug;
		};
		2F62BF871F82C57F00EE96FD /* Release */ = {
			isa = XCBuildConfiguration;
			buildSettings = {
				ALWAYS_SEARCH_USER_PATHS = NO;
				CLANG_ANALYZER_NONNULL = YES;
				CLANG_ANALYZER_NUMBER_OBJECT_CONVERSION = YES_AGGRESSIVE;
				CLANG_CXX_LANGUAGE_STANDARD = "gnu++0x";
				CLANG_CXX_LIBRARY = "libc++";
				CLANG_ENABLE_MODULES = YES;
				CLANG_ENABLE_OBJC_ARC = YES;
				CLANG_WARN_BOOL_CONVERSION = YES;
				CLANG_WARN_CONSTANT_CONVERSION = YES;
				CLANG_WARN_DIRECT_OBJC_ISA_USAGE = YES_ERROR;
				CLANG_WARN_DOCUMENTATION_COMMENTS = YES;
				CLANG_WARN_EMPTY_BODY = YES;
				CLANG_WARN_ENUM_CONVERSION = YES;
				CLANG_WARN_INFINITE_RECURSION = YES;
				CLANG_WARN_INT_CONVERSION = YES;
				CLANG_WARN_OBJC_ROOT_CLASS = YES_ERROR;
				CLANG_WARN_SUSPICIOUS_MOVE = YES;
				CLANG_WARN_UNREACHABLE_CODE = YES;
				CLANG_WARN__DUPLICATE_METHOD_MATCH = YES;
				"CODE_SIGN_IDENTITY[sdk=iphoneos*]" = "iPhone Developer";
				COPY_PHASE_STRIP = NO;
				DEBUG_INFORMATION_FORMAT = "dwarf-with-dsym";
				ENABLE_NS_ASSERTIONS = NO;
				ENABLE_STRICT_OBJC_MSGSEND = YES;
				GCC_C_LANGUAGE_STANDARD = gnu99;
				GCC_NO_COMMON_BLOCKS = YES;
				GCC_WARN_64_TO_32_BIT_CONVERSION = YES;
				GCC_WARN_ABOUT_RETURN_TYPE = YES_ERROR;
				GCC_WARN_UNDECLARED_SELECTOR = YES;
				GCC_WARN_UNINITIALIZED_AUTOS = YES_AGGRESSIVE;
				GCC_WARN_UNUSED_FUNCTION = YES;
				GCC_WARN_UNUSED_VARIABLE = YES;
				IPHONEOS_DEPLOYMENT_TARGET = 10.3;
				MTL_ENABLE_DEBUG_INFO = NO;
				SDKROOT = iphoneos;
				SWIFT_OPTIMIZATION_LEVEL = "-Owholemodule";
				TARGETED_DEVICE_FAMILY = "1,2";
				VALIDATE_PRODUCT = YES;
			};
			name = Release;
		};
		2F62BF891F82C57F00EE96FD /* Debug */ = {
			isa = XCBuildConfiguration;
			buildSettings = {
				ASSETCATALOG_COMPILER_APPICON_NAME = AppIcon;
				INFOPLIST_FILE = fishList/Info.plist;
				LD_RUNPATH_SEARCH_PATHS = "$(inherited) @executable_path/Frameworks";
				PRODUCT_BUNDLE_IDENTIFIER = com.tylerknight.fishList;
				PRODUCT_NAME = "$(TARGET_NAME)";
				SWIFT_VERSION = 3.0;
			};
			name = Debug;
		};
		2F62BF8A1F82C57F00EE96FD /* Release */ = {
			isa = XCBuildConfiguration;
			buildSettings = {
				ASSETCATALOG_COMPILER_APPICON_NAME = AppIcon;
				INFOPLIST_FILE = fishList/Info.plist;
				LD_RUNPATH_SEARCH_PATHS = "$(inherited) @executable_path/Frameworks";
				PRODUCT_BUNDLE_IDENTIFIER = com.tylerknight.fishList;
				PRODUCT_NAME = "$(TARGET_NAME)";
				SWIFT_VERSION = 3.0;
			};
			name = Release;
		};
/* End XCBuildConfiguration section */

/* Begin XCConfigurationList section */
		2F62BF711F82C57F00EE96FD /* Build configuration list for PBXProject "fishList" */ = {
			isa = XCConfigurationList;
			buildConfigurations = (
				2F62BF861F82C57F00EE96FD /* Debug */,
				2F62BF871F82C57F00EE96FD /* Release */,
			);
			defaultConfigurationIsVisible = 0;
			defaultConfigurationName = Release;
		};
		2F62BF881F82C57F00EE96FD /* Build configuration list for PBXNativeTarget "fishList" */ = {
			isa = XCConfigurationList;
			buildConfigurations = (
				2F62BF891F82C57F00EE96FD /* Debug */,
				2F62BF8A1F82C57F00EE96FD /* Release */,
			);
			defaultConfigurationIsVisible = 0;
		};
/* End XCConfigurationList section */
	};
	rootObject = 2F62BF6E1F82C57F00EE96FD /* Project object */;
}
